
Microsoft Visual Studio Solution File, Format Version 12.00
# Visual Studio Version 16
VisualStudioVersion = 16.0.29209.62
MinimumVisualStudioVersion = 10.0.40219.1
Project("{FAE04EC0-301F-11D3-BF4B-00C04F79EFBC}") = "RTL", "RTL.csproj", "{03407DA0-B030-4713-9E5C-54966FE2822C}"
EndProject
Global
	GlobalSection(SolutionConfigurationPlatforms) = preSolution
		Debug|Any CPU = Debug|Any CPU
		Release|Any CPU = Release|Any CPU
	EndGlobalSection
	GlobalSection(ProjectConfigurationPlatforms) = postSolution
		{03407DA0-B030-4713-9E5C-54966FE2822C}.Debug|Any CPU.ActiveCfg = Debug|Any CPU
		{03407DA0-B030-4713-9E5C-54966FE2822C}.Debug|Any CPU.Build.0 = Debug|Any CPU
		{03407DA0-B030-4713-9E5C-54966FE2822C}.Release|Any CPU.ActiveCfg = Release|Any CPU
		{03407DA0-B030-4713-9E5C-54966FE2822C}.Release|Any CPU.Build.0 = Release|Any CPU
	EndGlobalSection
	GlobalSection(SolutionProperties) = preSolution
		HideSolutionNode = FALSE
	EndGlobalSection
	GlobalSection(ExtensibilityGlobals) = postSolution
		SolutionGuid = {18181601-7BA9-4B08-A626-EB4880D9DB28}
	EndGlobalSection
EndGlobal
